
Microsoft Visual Studio Solution File, Format Version 12.00
# Visual Studio Version 16
VisualStudioVersion = 16.0.30320.27
MinimumVisualStudioVersion = 10.0.40219.1
Project("{9A19103F-16F7-4668-BE54-9A1E7A4F7556}") = "SimpleCode", "SimpleCode.csproj", "{764081B8-9B01-4B83-AEE6-7079E753AC02}"
EndProject
Project("{FAE04EC0-301F-11D3-BF4B-00C04F79EFBC}") = "SimpleCodeTest", "..\SimpleCodeTest\SimpleCodeTest.csproj", "{12D22156-8C06-4CD3-BA49-A9C09D5C7CEF}"
EndProject
Global
	GlobalSection(SolutionConfigurationPlatforms) = preSolution
		Debug|Any CPU = Debug|Any CPU
		Release|Any CPU = Release|Any CPU
	EndGlobalSection
	GlobalSection(ProjectConfigurationPlatforms) = postSolution
		{764081B8-9B01-4B83-AEE6-7079E753AC02}.Debug|Any CPU.ActiveCfg = Debug|Any CPU
		{764081B8-9B01-4B83-AEE6-7079E753AC02}.Debug|Any CPU.Build.0 = Debug|Any CPU
		{764081B8-9B01-4B83-AEE6-7079E753AC02}.Release|Any CPU.ActiveCfg = Release|Any CPU
		{764081B8-9B01-4B83-AEE6-7079E753AC02}.Release|Any CPU.Build.0 = Release|Any CPU
		{12D22156-8C06-4CD3-BA49-A9C09D5C7CEF}.Debug|Any CPU.ActiveCfg = Debug|Any CPU
		{12D22156-8C06-4CD3-BA49-A9C09D5C7CEF}.Debug|Any CPU.Build.0 = Debug|Any CPU
		{12D22156-8C06-4CD3-BA49-A9C09D5C7CEF}.Release|Any CPU.ActiveCfg = Release|Any CPU
		{12D22156-8C06-4CD3-BA49-A9C09D5C7CEF}.Release|Any CPU.Build.0 = Release|Any CPU
	EndGlobalSection
	GlobalSection(SolutionProperties) = preSolution
		HideSolutionNode = FALSE
	EndGlobalSection
	GlobalSection(ExtensibilityGlobals) = postSolution
		SolutionGuid = {0D5F5D95-F56B-464B-A161-83D7852080B4}
	EndGlobalSection
EndGlobal
